# THIS IS AN AUTOGENERATED FILE. DO NOT EDIT THIS FILE DIRECTLY.
# yarn lockfile v1


dafo@^0.1.1:
  version "0.1.1"
  resolved "https://registry.yarnpkg.com/dafo/-/dafo-0.1.1.tgz#dad59de0ceac606f73f86cbaae893412ffb1d836"
  integrity sha512-18XhtDt5qQ5pAfWzo1t3mRXQPanY8diFQFjCxh+/0mko5QHztCv6oLgPL9kKxB8aeYutp8lWC7BqjGzC8GWX1w==
  dependencies:
    noda "^0.1.2"

deno@^0.0.6:
  version "0.0.6"
  resolved "https://registry.yarnpkg.com/deno/-/deno-0.0.6.tgz#896d5a0f60649bb532f12c041b56b742c368f6bc"
  integrity sha512-igzR9HH35Cz9I3SHIQnkb8NTbFMKV5neJfODCwKkrBfzDbYKQp1W1u6BgtPBulds5n8+vzMXrekg4u+rMFNmfw==
  dependencies:
    dafo "^0.1.1"
    noda "^0.5.0"
    qir "^0.0.6"

noda@^0.1.2:
  version "0.1.2"
  resolved "https://registry.yarnpkg.com/noda/-/noda-0.1.2.tgz#6c3afd6072c40aacf22dbf54150ded149995b6ca"
  integrity sha1-bDr9YHLECqzyLb9UFQ3tFJmVtso=

noda@^0.5.0:
  version "0.5.0"
  resolved "https://registry.yarnpkg.com/noda/-/noda-0.5.0.tgz#d0a44a20e53833ebd370b6b5b494b3a1406fe369"
  integrity sha512-G3gEH6IF4CHJToi6hGbQWOI+BYsBddampYEsX9Hi/ADUaqLZmWKp6P9j5I0s+zYvamg0+VMLBj8p2YH38P4zXg==

qir@^0.0.6:
  version "0.0.6"
  resolved "https://registry.yarnpkg.com/qir/-/qir-0.0.6.tgz#6c4534c6dac00f7690f69cdc41f9b0c67eea8d6a"
  integrity sha512-nxM09a6cEpmdhUq541FQJ/5FRNgEcqqH1RDrxoaDo8zD5YjVjlAZohImclZDe0cbuAzFwiYR/rIjLa+R1utCTw==
  dependencies:
    noda "^0.5.0"
